
Microsoft Visual Studio Solution File, Format Version 12.00
# Visual Studio Version 17
VisualStudioVersion = 17.14.36717.8
MinimumVisualStudioVersion = 10.0.40219.1
Project("{FAE04EC0-301F-11D3-BF4B-00C04F79EFBC}") = "Shopify.InventoryService.API", "src\Shopify.InventoryService\Shopify.InventoryService.API\Shopify.InventoryService.API.csproj", "{F01BD7BD-57E0-5990-6ED2-EAB117D9563D}"
EndProject
Project("{2150E333-8FDC-42A3-9474-1A3956D46DE8}") = "Shopify.InventoryService", "Shopify.InventoryService", "{02EA681E-C7D8-13C7-8484-4AC65E1B71E8}"
EndProject
Project("{2150E333-8FDC-42A3-9474-1A3956D46DE8}") = "src", "src", "{9C779701-3A6C-41AB-B1D5-DDF5B7AD13EB}"
EndProject
Project("{FAE04EC0-301F-11D3-BF4B-00C04F79EFBC}") = "Shopify.InventoryService.Application", "src\Shopify.InventoryService\Shopify.InventoryService.Application\Shopify.InventoryService.Application.csproj", "{AD846BCC-C463-4772-8BE6-8BC135B322BF}"
EndProject
Project("{FAE04EC0-301F-11D3-BF4B-00C04F79EFBC}") = "Shopify.InventoryService.Domain", "src\Shopify.InventoryService\Shopify.InventoryService.Domain\Shopify.InventoryService.Domain.csproj", "{BECBA3A8-365D-4CD5-B0B8-E26C415D40CD}"
EndProject
Project("{FAE04EC0-301F-11D3-BF4B-00C04F79EFBC}") = "Shopify.InventoryService.Infrastructure", "src\Shopify.InventoryService\Shopify.InventoryService.Infrastructure\Shopify.InventoryService.Infrastructure.csproj", "{0F57999B-30DA-42E8-95B4-E19FF7D9C3C2}"
EndProject
Project("{FAE04EC0-301F-11D3-BF4B-00C04F79EFBC}") = "Shopify.NotificationService.API", "src\Shopify.NotificationService\Shopify.NotificationService.API\Shopify.NotificationService.API.csproj", "{FF18443F-51CB-4A35-B296-23D2ADA0BA0E}"
EndProject
Project("{FAE04EC0-301F-11D3-BF4B-00C04F79EFBC}") = "Shopify.NotificationService.Application", "src\Shopify.NotificationService\Shopify.NotificationService.Application\Shopify.NotificationService.Application.csproj", "{48AB080D-17E4-45D8-81D4-0297F16EF817}"
EndProject
Project("{FAE04EC0-301F-11D3-BF4B-00C04F79EFBC}") = "Shopify.NotificationService.Domain", "src\Shopify.NotificationService\Shopify.NotificationService.Domain\Shopify.NotificationService.Domain.csproj", "{F6E50999-EF8D-4674-ADAC-1F15A786579F}"
EndProject
Project("{FAE04EC0-301F-11D3-BF4B-00C04F79EFBC}") = "Shopify.NotificationService.Infrastructure", "src\Shopify.NotificationService\Shopify.NotificationService.Infrastructure\Shopify.NotificationService.Infrastructure.csproj", "{EEF320E0-6FD0-44C8-BFB0-23CF1EA69B4F}"
EndProject
Project("{2150E333-8FDC-42A3-9474-1A3956D46DE8}") = "Shopify.NotificationService", "Shopify.NotificationService", "{3ABBE7D0-848E-49F9-B4A2-A0AACC334899}"
EndProject
Project("{2150E333-8FDC-42A3-9474-1A3956D46DE8}") = "Shopify.OrderService", "Shopify.OrderService", "{9C7957CF-3F8D-45E6-9DF7-1CA6AB121863}"
EndProject
Project("{FAE04EC0-301F-11D3-BF4B-00C04F79EFBC}") = "Shopify.OrderService.API", "src\Shopify.OrderService\Shopify.OrderService.API\Shopify.OrderService.API.csproj", "{09A144E0-ACAA-D552-3AEC-5CB9E2BBA1BD}"
EndProject
Project("{FAE04EC0-301F-11D3-BF4B-00C04F79EFBC}") = "Shopify.OrderService.Application", "src\Shopify.OrderService\Shopify.OrderService.Application\Shopify.OrderService.Application.csproj", "{4BB7453C-C542-E5DA-8C1C-BFD505D05AE1}"
EndProject
Project("{FAE04EC0-301F-11D3-BF4B-00C04F79EFBC}") = "Shopify.OrderService.Domain", "src\Shopify.OrderService\Shopify.OrderService.Domain\Shopify.OrderService.Domain.csproj", "{34A5E8B0-6820-F3D3-B756-BE0F85F93535}"
EndProject
Project("{FAE04EC0-301F-11D3-BF4B-00C04F79EFBC}") = "Shopify.OrderService.Infrastructure", "src\Shopify.OrderService\Shopify.OrderService.Infrastructure\Shopify.OrderService.Infrastructure.csproj", "{B74A6B80-B3D5-49E3-8210-EB459200B2A1}"
EndProject
Project("{2150E333-8FDC-42A3-9474-1A3956D46DE8}") = "Shared", "Shared", "{2FFAE7F5-A3BE-4898-B89B-AA9F82D40E8A}"
EndProject
Project("{FAE04EC0-301F-11D3-BF4B-00C04F79EFBC}") = "Shopify.Contracts", "src\Shared\Shopify.Contracts\Shopify.Contracts.csproj", "{86F9A30D-63B4-60A3-D8AA-95EF1F319F50}"
EndProject
Global
	GlobalSection(SolutionConfigurationPlatforms) = preSolution
		Debug|Any CPU = Debug|Any CPU
		Debug|x64 = Debug|x64
		Debug|x86 = Debug|x86
		Release|Any CPU = Release|Any CPU
		Release|x64 = Release|x64
		Release|x86 = Release|x86
	EndGlobalSection
	GlobalSection(ProjectConfigurationPlatforms) = postSolution
		{F01BD7BD-57E0-5990-6ED2-EAB117D9563D}.Debug|Any CPU.ActiveCfg = Debug|Any CPU
		{F01BD7BD-57E0-5990-6ED2-EAB117D9563D}.Debug|Any CPU.Build.0 = Debug|Any CPU
		{F01BD7BD-57E0-5990-6ED2-EAB117D9563D}.Debug|x64.ActiveCfg = Debug|Any CPU
		{F01BD7BD-57E0-5990-6ED2-EAB117D9563D}.Debug|x64.Build.0 = Debug|Any CPU
		{F01BD7BD-57E0-5990-6ED2-EAB117D9563D}.Debug|x86.ActiveCfg = Debug|Any CPU
		{F01BD7BD-57E0-5990-6ED2-EAB117D9563D}.Debug|x86.Build.0 = Debug|Any CPU
		{F01BD7BD-57E0-5990-6ED2-EAB117D9563D}.Release|Any CPU.ActiveCfg = Release|Any CPU
		{F01BD7BD-57E0-5990-6ED2-EAB117D9563D}.Release|Any CPU.Build.0 = Release|Any CPU
		{F01BD7BD-57E0-5990-6ED2-EAB117D9563D}.Release|x64.ActiveCfg = Release|Any CPU
		{F01BD7BD-57E0-5990-6ED2-EAB117D9563D}.Release|x64.Build.0 = Release|Any CPU
		{F01BD7BD-57E0-5990-6ED2-EAB117D9563D}.Release|x86.ActiveCfg = Release|Any CPU
		{F01BD7BD-57E0-5990-6ED2-EAB117D9563D}.Release|x86.Build.0 = Release|Any CPU
		{AD846BCC-C463-4772-8BE6-8BC135B322BF}.Debug|Any CPU.ActiveCfg = Debug|Any CPU
		{AD846BCC-C463-4772-8BE6-8BC135B322BF}.Debug|Any CPU.Build.0 = Debug|Any CPU
		{AD846BCC-C463-4772-8BE6-8BC135B322BF}.Debug|x64.ActiveCfg = Debug|Any CPU
		{AD846BCC-C463-4772-8BE6-8BC135B322BF}.Debug|x64.Build.0 = Debug|Any CPU
		{AD846BCC-C463-4772-8BE6-8BC135B322BF}.Debug|x86.ActiveCfg = Debug|Any CPU
		{AD846BCC-C463-4772-8BE6-8BC135B322BF}.Debug|x86.Build.0 = Debug|Any CPU
		{AD846BCC-C463-4772-8BE6-8BC135B322BF}.Release|Any CPU.ActiveCfg = Release|Any CPU
		{AD846BCC-C463-4772-8BE6-8BC135B322BF}.Release|Any CPU.Build.0 = Release|Any CPU
		{AD846BCC-C463-4772-8BE6-8BC135B322BF}.Release|x64.ActiveCfg = Release|Any CPU
		{AD846BCC-C463-4772-8BE6-8BC135B322BF}.Release|x64.Build.0 = Release|Any CPU
		{AD846BCC-C463-4772-8BE6-8BC135B322BF}.Release|x86.ActiveCfg = Release|Any CPU
		{AD846BCC-C463-4772-8BE6-8BC135B322BF}.Release|x86.Build.0 = Release|Any CPU
		{BECBA3A8-365D-4CD5-B0B8-E26C415D40CD}.Debug|Any CPU.ActiveCfg = Debug|Any CPU
		{BECBA3A8-365D-4CD5-B0B8-E26C415D40CD}.Debug|Any CPU.Build.0 = Debug|Any CPU
		{BECBA3A8-365D-4CD5-B0B8-E26C415D40CD}.Debug|x64.ActiveCfg = Debug|Any CPU
		{BECBA3A8-365D-4CD5-B0B8-E26C415D40CD}.Debug|x64.Build.0 = Debug|Any CPU
		{BECBA3A8-365D-4CD5-B0B8-E26C415D40CD}.Debug|x86.ActiveCfg = Debug|Any CPU
		{BECBA3A8-365D-4CD5-B0B8-E26C415D40CD}.Debug|x86.Build.0 = Debug|Any CPU
		{BECBA3A8-365D-4CD5-B0B8-E26C415D40CD}.Release|Any CPU.ActiveCfg = Release|Any CPU
		{BECBA3A8-365D-4CD5-B0B8-E26C415D40CD}.Release|Any CPU.Build.0 = Release|Any CPU
		{BECBA3A8-365D-4CD5-B0B8-E26C415D40CD}.Release|x64.ActiveCfg = Release|Any CPU
		{BECBA3A8-365D-4CD5-B0B8-E26C415D40CD}.Release|x64.Build.0 = Release|Any CPU
		{BECBA3A8-365D-4CD5-B0B8-E26C415D40CD}.Release|x86.ActiveCfg = Release|Any CPU
		{BECBA3A8-365D-4CD5-B0B8-E26C415D40CD}.Release|x86.Build.0 = Release|Any CPU
		{0F57999B-30DA-42E8-95B4-E19FF7D9C3C2}.Debug|Any CPU.ActiveCfg = Debug|Any CPU
		{0F57999B-30DA-42E8-95B4-E19FF7D9C3C2}.Debug|Any CPU.Build.0 = Debug|Any CPU
		{0F57999B-30DA-42E8-95B4-E19FF7D9C3C2}.Debug|x64.ActiveCfg = Debug|Any CPU
		{0F57999B-30DA-42E8-95B4-E19FF7D9C3C2}.Debug|x64.Build.0 = Debug|Any CPU
		{0F57999B-30DA-42E8-95B4-E19FF7D9C3C2}.Debug|x86.ActiveCfg = Debug|Any CPU
		{0F57999B-30DA-42E8-95B4-E19FF7D9C3C2}.Debug|x86.Build.0 = Debug|Any CPU
		{0F57999B-30DA-42E8-95B4-E19FF7D9C3C2}.Release|Any CPU.ActiveCfg = Release|Any CPU
		{0F57999B-30DA-42E8-95B4-E19FF7D9C3C2}.Release|Any CPU.Build.0 = Release|Any CPU
		{0F57999B-30DA-42E8-95B4-E19FF7D9C3C2}.Release|x64.ActiveCfg = Release|Any CPU
		{0F57999B-30DA-42E8-95B4-E19FF7D9C3C2}.Release|x64.Build.0 = Release|Any CPU
		{0F57999B-30DA-42E8-95B4-E19FF7D9C3C2}.Release|x86.ActiveCfg = Release|Any CPU
		{0F57999B-30DA-42E8-95B4-E19FF7D9C3C2}.Release|x86.Build.0 = Release|Any CPU
		{FF18443F-51CB-4A35-B296-23D2ADA0BA0E}.Debug|Any CPU.ActiveCfg = Debug|Any CPU
		{FF18443F-51CB-4A35-B296-23D2ADA0BA0E}.Debug|Any CPU.Build.0 = Debug|Any CPU
		{FF18443F-51CB-4A35-B296-23D2ADA0BA0E}.Debug|x64.ActiveCfg = Debug|Any CPU
		{FF18443F-51CB-4A35-B296-23D2ADA0BA0E}.Debug|x64.Build.0 = Debug|Any CPU
		{FF18443F-51CB-4A35-B296-23D2ADA0BA0E}.Debug|x86.ActiveCfg = Debug|Any CPU
		{FF18443F-51CB-4A35-B296-23D2ADA0BA0E}.Debug|x86.Build.0 = Debug|Any CPU
		{FF18443F-51CB-4A35-B296-23D2ADA0BA0E}.Release|Any CPU.ActiveCfg = Release|Any CPU
		{FF18443F-51CB-4A35-B296-23D2ADA0BA0E}.Release|Any CPU.Build.0 = Release|Any CPU
		{FF18443F-51CB-4A35-B296-23D2ADA0BA0E}.Release|x64.ActiveCfg = Release|Any CPU
		{FF18443F-51CB-4A35-B296-23D2ADA0BA0E}.Release|x64.Build.0 = Release|Any CPU
		{FF18443F-51CB-4A35-B296-23D2ADA0BA0E}.Release|x86.ActiveCfg = Release|Any CPU
		{FF18443F-51CB-4A35-B296-23D2ADA0BA0E}.Release|x86.Build.0 = Release|Any CPU
		{48AB080D-17E4-45D8-81D4-0297F16EF817}.Debug|Any CPU.ActiveCfg = Debug|Any CPU
		{48AB080D-17E4-45D8-81D4-0297F16EF817}.Debug|Any CPU.Build.0 = Debug|Any CPU
		{48AB080D-17E4-45D8-81D4-0297F16EF817}.Debug|x64.ActiveCfg = Debug|Any CPU
		{48AB080D-17E4-45D8-81D4-0297F16EF817}.Debug|x64.Build.0 = Debug|Any CPU
		{48AB080D-17E4-45D8-81D4-0297F16EF817}.Debug|x86.ActiveCfg = Debug|Any CPU
		{48AB080D-17E4-45D8-81D4-0297F16EF817}.Debug|x86.Build.0 = Debug|Any CPU
		{48AB080D-17E4-45D8-81D4-0297F16EF817}.Release|Any CPU.ActiveCfg = Release|Any CPU
		{48AB080D-17E4-45D8-81D4-0297F16EF817}.Release|Any CPU.Build.0 = Release|Any CPU
		{48AB080D-17E4-45D8-81D4-0297F16EF817}.Release|x64.ActiveCfg = Release|Any CPU
		{48AB080D-17E4-45D8-81D4-0297F16EF817}.Release|x64.Build.0 = Release|Any CPU
		{48AB080D-17E4-45D8-81D4-0297F16EF817}.Release|x86.ActiveCfg = Release|Any CPU
		{48AB080D-17E4-45D8-81D4-0297F16EF817}.Release|x86.Build.0 = Release|Any CPU
		{F6E50999-EF8D-4674-ADAC-1F15A786579F}.Debug|Any CPU.ActiveCfg = Debug|Any CPU
		{F6E50999-EF8D-4674-ADAC-1F15A786579F}.Debug|Any CPU.Build.0 = Debug|Any CPU
		{F6E50999-EF8D-4674-ADAC-1F15A786579F}.Debug|x64.ActiveCfg = Debug|Any CPU
		{F6E50999-EF8D-4674-ADAC-1F15A786579F}.Debug|x64.Build.0 = Debug|Any CPU
		{F6E50999-EF8D-4674-ADAC-1F15A786579F}.Debug|x86.ActiveCfg = Debug|Any CPU
		{F6E50999-EF8D-4674-ADAC-1F15A786579F}.Debug|x86.Build.0 = Debug|Any CPU
		{F6E50999-EF8D-4674-ADAC-1F15A786579F}.Release|Any CPU.ActiveCfg = Release|Any CPU
		{F6E50999-EF8D-4674-ADAC-1F15A786579F}.Release|Any CPU.Build.0 = Release|Any CPU
		{F6E50999-EF8D-4674-ADAC-1F15A786579F}.Release|x64.ActiveCfg = Release|Any CPU
		{F6E50999-EF8D-4674-ADAC-1F15A786579F}.Release|x64.Build.0 = Release|Any CPU
		{F6E50999-EF8D-4674-ADAC-1F15A786579F}.Release|x86.ActiveCfg = Release|Any CPU
		{F6E50999-EF8D-4674-ADAC-1F15A786579F}.Release|x86.Build.0 = Release|Any CPU
		{EEF320E0-6FD0-44C8-BFB0-23CF1EA69B4F}.Debug|Any CPU.ActiveCfg = Debug|Any CPU
		{EEF320E0-6FD0-44C8-BFB0-23CF1EA69B4F}.Debug|Any CPU.Build.0 = Debug|Any CPU
		{EEF320E0-6FD0-44C8-BFB0-23CF1EA69B4F}.Debug|x64.ActiveCfg = Debug|Any CPU
		{EEF320E0-6FD0-44C8-BFB0-23CF1EA69B4F}.Debug|x64.Build.0 = Debug|Any CPU
		{EEF320E0-6FD0-44C8-BFB0-23CF1EA69B4F}.Debug|x86.ActiveCfg = Debug|Any CPU
		{EEF320E0-6FD0-44C8-BFB0-23CF1EA69B4F}.Debug|x86.Build.0 = Debug|Any CPU
		{EEF320E0-6FD0-44C8-BFB0-23CF1EA69B4F}.Release|Any CPU.ActiveCfg = Release|Any CPU
		{EEF320E0-6FD0-44C8-BFB0-23CF1EA69B4F}.Release|Any CPU.Build.0 = Release|Any CPU
		{EEF320E0-6FD0-44C8-BFB0-23CF1EA69B4F}.Release|x64.ActiveCfg = Release|Any CPU
		{EEF320E0-6FD0-44C8-BFB0-23CF1EA69B4F}.Release|x64.Build.0 = Release|Any CPU
		{EEF320E0-6FD0-44C8-BFB0-23CF1EA69B4F}.Release|x86.ActiveCfg = Release|Any CPU
		{EEF320E0-6FD0-44C8-BFB0-23CF1EA69B4F}.Release|x86.Build.0 = Release|Any CPU
		{09A144E0-ACAA-D552-3AEC-5CB9E2BBA1BD}.Debug|Any CPU.ActiveCfg = Debug|Any CPU
		{09A144E0-ACAA-D552-3AEC-5CB9E2BBA1BD}.Debug|Any CPU.Build.0 = Debug|Any CPU
		{09A144E0-ACAA-D552-3AEC-5CB9E2BBA1BD}.Debug|x64.ActiveCfg = Debug|Any CPU
		{09A144E0-ACAA-D552-3AEC-5CB9E2BBA1BD}.Debug|x64.Build.0 = Debug|Any CPU
		{09A144E0-ACAA-D552-3AEC-5CB9E2BBA1BD}.Debug|x86.ActiveCfg = Debug|Any CPU
		{09A144E0-ACAA-D552-3AEC-5CB9E2BBA1BD}.Debug|x86.Build.0 = Debug|Any CPU
		{09A144E0-ACAA-D552-3AEC-5CB9E2BBA1BD}.Release|Any CPU.ActiveCfg = Release|Any CPU
		{09A144E0-ACAA-D552-3AEC-5CB9E2BBA1BD}.Release|Any CPU.Build.0 = Release|Any CPU
		{09A144E0-ACAA-D552-3AEC-5CB9E2BBA1BD}.Release|x64.ActiveCfg = Release|Any CPU
		{09A144E0-ACAA-D552-3AEC-5CB9E2BBA1BD}.Release|x64.Build.0 = Release|Any CPU
		{09A144E0-ACAA-D552-3AEC-5CB9E2BBA1BD}.Release|x86.ActiveCfg = Release|Any CPU
		{09A144E0-ACAA-D552-3AEC-5CB9E2BBA1BD}.Release|x86.Build.0 = Release|Any CPU
		{4BB7453C-C542-E5DA-8C1C-BFD505D05AE1}.Debug|Any CPU.ActiveCfg = Debug|Any CPU
		{4BB7453C-C542-E5DA-8C1C-BFD505D05AE1}.Debug|Any CPU.Build.0 = Debug|Any CPU
		{4BB7453C-C542-E5DA-8C1C-BFD505D05AE1}.Debug|x64.ActiveCfg = Debug|Any CPU
		{4BB7453C-C542-E5DA-8C1C-BFD505D05AE1}.Debug|x64.Build.0 = Debug|Any CPU
		{4BB7453C-C542-E5DA-8C1C-BFD505D05AE1}.Debug|x86.ActiveCfg = Debug|Any CPU
		{4BB7453C-C542-E5DA-8C1C-BFD505D05AE1}.Debug|x86.Build.0 = Debug|Any CPU
		{4BB7453C-C542-E5DA-8C1C-BFD505D05AE1}.Release|Any CPU.ActiveCfg = Release|Any CPU
		{4BB7453C-C542-E5DA-8C1C-BFD505D05AE1}.Release|Any CPU.Build.0 = Release|Any CPU
		{4BB7453C-C542-E5DA-8C1C-BFD505D05AE1}.Release|x64.ActiveCfg = Release|Any CPU
		{4BB7453C-C542-E5DA-8C1C-BFD505D05AE1}.Release|x64.Build.0 = Release|Any CPU
		{4BB7453C-C542-E5DA-8C1C-BFD505D05AE1}.Release|x86.ActiveCfg = Release|Any CPU
		{4BB7453C-C542-E5DA-8C1C-BFD505D05AE1}.Release|x86.Build.0 = Release|Any CPU
		{34A5E8B0-6820-F3D3-B756-BE0F85F93535}.Debug|Any CPU.ActiveCfg = Debug|Any CPU
		{34A5E8B0-6820-F3D3-B756-BE0F85F93535}.Debug|Any CPU.Build.0 = Debug|Any CPU
		{34A5E8B0-6820-F3D3-B756-BE0F85F93535}.Debug|x64.ActiveCfg = Debug|Any CPU
		{34A5E8B0-6820-F3D3-B756-BE0F85F93535}.Debug|x64.Build.0 = Debug|Any CPU
		{34A5E8B0-6820-F3D3-B756-BE0F85F93535}.Debug|x86.ActiveCfg = Debug|Any CPU
		{34A5E8B0-6820-F3D3-B756-BE0F85F93535}.Debug|x86.Build.0 = Debug|Any CPU
		{34A5E8B0-6820-F3D3-B756-BE0F85F93535}.Release|Any CPU.ActiveCfg = Release|Any CPU
		{34A5E8B0-6820-F3D3-B756-BE0F85F93535}.Release|Any CPU.Build.0 = Release|Any CPU
		{34A5E8B0-6820-F3D3-B756-BE0F85F93535}.Release|x64.ActiveCfg = Release|Any CPU
		{34A5E8B0-6820-F3D3-B756-BE0F85F93535}.Release|x64.Build.0 = Release|Any CPU
		{34A5E8B0-6820-F3D3-B756-BE0F85F93535}.Release|x86.ActiveCfg = Release|Any CPU
		{34A5E8B0-6820-F3D3-B756-BE0F85F93535}.Release|x86.Build.0 = Release|Any CPU
		{B74A6B80-B3D5-49E3-8210-EB459200B2A1}.Debug|Any CPU.ActiveCfg = Debug|Any CPU
		{B74A6B80-B3D5-49E3-8210-EB459200B2A1}.Debug|Any CPU.Build.0 = Debug|Any CPU
		{B74A6B80-B3D5-49E3-8210-EB459200B2A1}.Debug|x64.ActiveCfg = Debug|Any CPU
		{B74A6B80-B3D5-49E3-8210-EB459200B2A1}.Debug|x64.Build.0 = Debug|Any CPU
		{B74A6B80-B3D5-49E3-8210-EB459200B2A1}.Debug|x86.ActiveCfg = Debug|Any CPU
		{B74A6B80-B3D5-49E3-8210-EB459200B2A1}.Debug|x86.Build.0 = Debug|Any CPU
		{B74A6B80-B3D5-49E3-8210-EB459200B2A1}.Release|Any CPU.ActiveCfg = Release|Any CPU
		{B74A6B80-B3D5-49E3-8210-EB459200B2A1}.Release|Any CPU.Build.0 = Release|Any CPU
		{B74A6B80-B3D5-49E3-8210-EB459200B2A1}.Release|x64.ActiveCfg = Release|Any CPU
		{B74A6B80-B3D5-49E3-8210-EB459200B2A1}.Release|x64.Build.0 = Release|Any CPU
		{B74A6B80-B3D5-49E3-8210-EB459200B2A1}.Release|x86.ActiveCfg = Release|Any CPU
		{B74A6B80-B3D5-49E3-8210-EB459200B2A1}.Release|x86.Build.0 = Release|Any CPU
		{86F9A30D-63B4-60A3-D8AA-95EF1F319F50}.Debug|Any CPU.ActiveCfg = Debug|Any CPU
		{86F9A30D-63B4-60A3-D8AA-95EF1F319F50}.Debug|Any CPU.Build.0 = Debug|Any CPU
		{86F9A30D-63B4-60A3-D8AA-95EF1F319F50}.Debug|x64.ActiveCfg = Debug|Any CPU
		{86F9A30D-63B4-60A3-D8AA-95EF1F319F50}.Debug|x64.Build.0 = Debug|Any CPU
		{86F9A30D-63B4-60A3-D8AA-95EF1F319F50}.Debug|x86.ActiveCfg = Debug|Any CPU
		{86F9A30D-63B4-60A3-D8AA-95EF1F319F50}.Debug|x86.Build.0 = Debug|Any CPU
		{86F9A30D-63B4-60A3-D8AA-95EF1F319F50}.Release|Any CPU.ActiveCfg = Release|Any CPU
		{86F9A30D-63B4-60A3-D8AA-95EF1F319F50}.Release|Any CPU.Build.0 = Release|Any CPU
		{86F9A30D-63B4-60A3-D8AA-95EF1F319F50}.Release|x64.ActiveCfg = Release|Any CPU
		{86F9A30D-63B4-60A3-D8AA-95EF1F319F50}.Release|x64.Build.0 = Release|Any CPU
		{86F9A30D-63B4-60A3-D8AA-95EF1F319F50}.Release|x86.ActiveCfg = Release|Any CPU
		{86F9A30D-63B4-60A3-D8AA-95EF1F319F50}.Release|x86.Build.0 = Release|Any CPU
	EndGlobalSection
	GlobalSection(SolutionProperties) = preSolution
		HideSolutionNode = FALSE
	EndGlobalSection
	GlobalSection(NestedProjects) = preSolution
		{F01BD7BD-57E0-5990-6ED2-EAB117D9563D} = {02EA681E-C7D8-13C7-8484-4AC65E1B71E8}
		{02EA681E-C7D8-13C7-8484-4AC65E1B71E8} = {9C779701-3A6C-41AB-B1D5-DDF5B7AD13EB}
		{AD846BCC-C463-4772-8BE6-8BC135B322BF} = {02EA681E-C7D8-13C7-8484-4AC65E1B71E8}
		{BECBA3A8-365D-4CD5-B0B8-E26C415D40CD} = {02EA681E-C7D8-13C7-8484-4AC65E1B71E8}
		{0F57999B-30DA-42E8-95B4-E19FF7D9C3C2} = {02EA681E-C7D8-13C7-8484-4AC65E1B71E8}
		{FF18443F-51CB-4A35-B296-23D2ADA0BA0E} = {3ABBE7D0-848E-49F9-B4A2-A0AACC334899}
		{48AB080D-17E4-45D8-81D4-0297F16EF817} = {3ABBE7D0-848E-49F9-B4A2-A0AACC334899}
		{F6E50999-EF8D-4674-ADAC-1F15A786579F} = {3ABBE7D0-848E-49F9-B4A2-A0AACC334899}
		{EEF320E0-6FD0-44C8-BFB0-23CF1EA69B4F} = {3ABBE7D0-848E-49F9-B4A2-A0AACC334899}
		{3ABBE7D0-848E-49F9-B4A2-A0AACC334899} = {9C779701-3A6C-41AB-B1D5-DDF5B7AD13EB}
		{9C7957CF-3F8D-45E6-9DF7-1CA6AB121863} = {9C779701-3A6C-41AB-B1D5-DDF5B7AD13EB}
		{09A144E0-ACAA-D552-3AEC-5CB9E2BBA1BD} = {9C7957CF-3F8D-45E6-9DF7-1CA6AB121863}
		{4BB7453C-C542-E5DA-8C1C-BFD505D05AE1} = {9C7957CF-3F8D-45E6-9DF7-1CA6AB121863}
		{34A5E8B0-6820-F3D3-B756-BE0F85F93535} = {9C7957CF-3F8D-45E6-9DF7-1CA6AB121863}
		{B74A6B80-B3D5-49E3-8210-EB459200B2A1} = {9C7957CF-3F8D-45E6-9DF7-1CA6AB121863}
		{2FFAE7F5-A3BE-4898-B89B-AA9F82D40E8A} = {9C779701-3A6C-41AB-B1D5-DDF5B7AD13EB}
		{86F9A30D-63B4-60A3-D8AA-95EF1F319F50} = {2FFAE7F5-A3BE-4898-B89B-AA9F82D40E8A}
	EndGlobalSection
	GlobalSection(ExtensibilityGlobals) = postSolution
		SolutionGuid = {F51243A6-1BF2-4408-99E2-E64F3C7B44F4}
	EndGlobalSection
EndGlobal
